
Microsoft Visual Studio Solution File, Format Version 12.00
# Visual Studio Version 17
VisualStudioVersion = 17.4.33213.308
MinimumVisualStudioVersion = 10.0.40219.1
Project("{FAE04EC0-301F-11D3-BF4B-00C04F79EFBC}") = "CityInfo.API", "CityInfo.API\CityInfo.API.csproj", "{E0C08000-EE46-43F3-91C6-5F270D4F14F4}"
EndProject
Global
	GlobalSection(SolutionConfigurationPlatforms) = preSolution
		Debug|Any CPU = Debug|Any CPU
		Release|Any CPU = Release|Any CPU
	EndGlobalSection
	GlobalSection(ProjectConfigurationPlatforms) = postSolution
		{E0C08000-EE46-43F3-91C6-5F270D4F14F4}.Debug|Any CPU.ActiveCfg = Debug|Any CPU
		{E0C08000-EE46-43F3-91C6-5F270D4F14F4}.Debug|Any CPU.Build.0 = Debug|Any CPU
		{E0C08000-EE46-43F3-91C6-5F270D4F14F4}.Release|Any CPU.ActiveCfg = Release|Any CPU
		{E0C08000-EE46-43F3-91C6-5F270D4F14F4}.Release|Any CPU.Build.0 = Release|Any CPU
	EndGlobalSection
	GlobalSection(SolutionProperties) = preSolution
		HideSolutionNode = FALSE
	EndGlobalSection
	GlobalSection(ExtensibilityGlobals) = postSolution
		SolutionGuid = {196A3D64-D65C-4BD6-A363-077740ED6744}
	EndGlobalSection
EndGlobal
